{
    "_readme": [
        "This file locks the dependencies of your project to a known state",
        "Read more about it at https://getcomposer.org/doc/01-basic-usage.md#installing-dependencies",
        "This file is @generated automatically"
    ],
    "content-hash": "f7c24332f77a0eca04bc5436502b45d7",
    "packages": [
        {
            "name": "amenadiel/jpgraph",
            "version": "v4.1.1",
            "source": {
                "type": "git",
                "url": "https://github.com/HuasoFoundries/jpgraph.git",
                "reference": "e196d51a520a4182cc26240b4a0744495706f11a"
            },
            "dist": {
                "type": "zip",
                "url": "https://api.github.com/repos/HuasoFoundries/jpgraph/zipball/e196d51a520a4182cc26240b4a0744495706f11a",
                "reference": "e196d51a520a4182cc26240b4a0744495706f11a",
                "shasum": ""
            },
            "require": {
                "ext-gd": "*",
                "php": ">=7.2.0"
            },
            "require-dev": {
                "codeception/codeception": "^4.0",
                "codeception/module-asserts": "^1.1",
                "ergebnis/composer-normalize": "^2.13",
                "ergebnis/php-cs-fixer-config": "^2.13",
                "kint-php/kint": "^3.3",
                "monolog/monolog": "^2.0",
                "overtrue/phplint": "^2.3",
                "squizlabs/php_codesniffer": "^3.6",
                "symfony/dotenv": "^4.0 || ^5.0",
                "symfony/event-dispatcher": "^4.0 || ^5.0",
                "symfony/yaml": "^4.0 || ^5.0"
            },
            "type": "library",
            "extra": {
                "composer-normalize": {
                    "indent-size": 4,
                    "indent-style": "space"
                },
                "version": "4.1.1"
            },
            "autoload": {
                "psr-4": {
                    "Amenadiel\\JpGraph\\": "vendor/amenadiel",
                    "Amenadiel\\JpGraph\\Plot\\": "vendor/amenadiel/jpgraph/src",
                    "Amenadiel\\JpGraph\\Text\\": "src/text",
                    "Amenadiel\\JpGraph\\Util\\": "src/util",
                    "Amenadiel\\JpGraph\\Graph\\": "vendor/amenadiel/jpgraph/src",
                    "Amenadiel\\JpGraph\\Image\\": "src/image",
                    "Amenadiel\\JpGraph\\Themes\\": "src/themes",
                    "Amenadiel\\JpGraph\\Graph\\Axis\\": "src/graph/axis",
                    "Amenadiel\\JpGraph\\Graph\\Tick\\": "src/graph/tick",
                    "Amenadiel\\JpGraph\\Graph\\Scale\\": "src/graph/scale"
                }
            },
            "notification-url": "https://packagist.org/downloads/",
            "license": [
                "QPL-1.0"
            ],
            "description": "Composer Friendly, full refactor of JpGraph, library to make graphs and charts",
            "homepage": "http://jpgraph.net/",
            "keywords": [
                "chart",
                "data",
                "graph",
                "jpgraph",
                "pie"
            ],
            "time": "2021-04-27T19:09:11+00:00"
        },
        {
            "name": "fakerphp/faker",
            "version": "v1.20.0",
            "source": {
                "type": "git",
                "url": "https://github.com/FakerPHP/Faker.git",
                "reference": "37f751c67a5372d4e26353bd9384bc03744ec77b"
            },
            "dist": {
                "type": "zip",
                "url": "https://api.github.com/repos/FakerPHP/Faker/zipball/37f751c67a5372d4e26353bd9384bc03744ec77b",
                "reference": "37f751c67a5372d4e26353bd9384bc03744ec77b",
                "shasum": ""
            },
            "require": {
                "php": "^7.1 || ^8.0",
                "psr/container": "^1.0 || ^2.0",
                "symfony/deprecation-contracts": "^2.2 || ^3.0"
            },
            "conflict": {
                "fzaninotto/faker": "*"
            },
            "require-dev": {
                "bamarni/composer-bin-plugin": "^1.4.1",
                "doctrine/persistence": "^1.3 || ^2.0",
                "ext-intl": "*",
                "symfony/phpunit-bridge": "^4.4 || ^5.2"
            },
            "suggest": {
                "doctrine/orm": "Required to use Faker\\ORM\\Doctrine",
                "ext-curl": "Required by Faker\\Provider\\Image to download images.",
                "ext-dom": "Required by Faker\\Provider\\HtmlLorem for generating random HTML.",
                "ext-iconv": "Required by Faker\\Provider\\ru_RU\\Text::realText() for generating real Russian text.",
                "ext-mbstring": "Required for multibyte Unicode string functionality."
            },
            "type": "library",
            "extra": {
                "branch-alias": {
                    "dev-main": "v1.20-dev"
                }
            },
            "autoload": {
                "psr-4": {
                    "Faker\\": "src/Faker/"
                }
            },
            "notification-url": "https://packagist.org/downloads/",
            "license": [
                "MIT"
            ],
            "authors": [
                {
                    "name": "François Zaninotto"
                }
            ],
            "description": "Faker is a PHP library that generates fake data for you.",
            "keywords": [
                "data",
                "faker",
                "fixtures"
            ],
            "time": "2022-07-20T13:12:54+00:00"
        },
        {
            "name": "psr/container",
            "version": "2.0.2",
            "source": {
                "type": "git",
                "url": "https://github.com/php-fig/container.git",
                "reference": "c71ecc56dfe541dbd90c5360474fbc405f8d5963"
            },
            "dist": {
                "type": "zip",
                "url": "https://api.github.com/repos/php-fig/container/zipball/c71ecc56dfe541dbd90c5360474fbc405f8d5963",
                "reference": "c71ecc56dfe541dbd90c5360474fbc405f8d5963",
                "shasum": ""
            },
            "require": {
                "php": ">=7.4.0"
            },
            "type": "library",
            "extra": {
                "branch-alias": {
                    "dev-master": "2.0.x-dev"
                }
            },
            "autoload": {
                "psr-4": {
                    "Psr\\Container\\": "src/"
                }
            },
            "notification-url": "https://packagist.org/downloads/",
            "license": [
                "MIT"
            ],
            "authors": [
                {
                    "name": "PHP-FIG",
                    "homepage": "https://www.php-fig.org/"
                }
            ],
            "description": "Common Container Interface (PHP FIG PSR-11)",
            "homepage": "https://github.com/php-fig/container",
            "keywords": [
                "PSR-11",
                "container",
                "container-interface",
                "container-interop",
                "psr"
            ],
            "time": "2021-11-05T16:47:00+00:00"
        },
        {
            "name": "symfony/deprecation-contracts",
            "version": "v3.1.1",
            "source": {
                "type": "git",
                "url": "https://github.com/symfony/deprecation-contracts.git",
                "reference": "07f1b9cc2ffee6aaafcf4b710fbc38ff736bd918"
            },
            "dist": {
                "type": "zip",
                "url": "https://api.github.com/repos/symfony/deprecation-contracts/zipball/07f1b9cc2ffee6aaafcf4b710fbc38ff736bd918",
                "reference": "07f1b9cc2ffee6aaafcf4b710fbc38ff736bd918",
                "shasum": ""
            },
            "require": {
                "php": ">=8.1"
            },
            "type": "library",
            "extra": {
                "branch-alias": {
                    "dev-main": "3.1-dev"
                },
                "thanks": {
                    "name": "symfony/contracts",
                    "url": "https://github.com/symfony/contracts"
                }
            },
            "autoload": {
                "files": [
                    "function.php"
                ]
            },
            "notification-url": "https://packagist.org/downloads/",
            "license": [
                "MIT"
            ],
            "authors": [
                {
                    "name": "Nicolas Grekas",
                    "email": "p@tchwork.com"
                },
                {
                    "name": "Symfony Community",
                    "homepage": "https://symfony.com/contributors"
                }
            ],
            "description": "A generic function and convention to trigger deprecation notices",
            "homepage": "https://symfony.com",
            "funding": [
                {
                    "url": "https://symfony.com/sponsor",
                    "type": "custom"
                },
                {
                    "url": "https://github.com/fabpot",
                    "type": "github"
                },
                {
                    "url": "https://tidelift.com/funding/github/packagist/symfony/symfony",
                    "type": "tidelift"
                }
            ],
            "time": "2022-02-25T11:15:52+00:00"
        },
        {
            "name": "szymach/c-pchart",
            "version": "v3.0.15",
            "source": {
                "type": "git",
                "url": "https://github.com/szymach/c-pchart.git",
                "reference": "373786c8a9e7651c445b9ce42320b5a66e777dbf"
            },
            "dist": {
                "type": "zip",
                "url": "https://api.github.com/repos/szymach/c-pchart/zipball/373786c8a9e7651c445b9ce42320b5a66e777dbf",
                "reference": "373786c8a9e7651c445b9ce42320b5a66e777dbf",
                "shasum": ""
            },
            "require": {
                "ext-gd": "*",
                "php": "^5.4|^7.0|^8.0"
            },
            "require-dev": {
                "codeception/codeception": "^4.1.22",
                "codeception/module-asserts": "^1.3",
                "codeception/module-filesystem": "^1.0",
                "phpunit/phpunit": "^5.7|^9.5",
                "squizlabs/php_codesniffer": "^3.4"
            },
            "type": "library",
            "extra": {
                "branch-alias": {
                    "dev-master": "3.0.x-dev",
                    "2.0": "2.0.x-dev"
                }
            },
            "autoload": {
                "files": [
                    "constants.php"
                ],
                "psr-4": {
                    "CpChart\\": "src/pChart/"
                }
            },
            "notification-url": "https://packagist.org/downloads/",
            "license": [
                "GPL-3.0-only"
            ],
            "authors": [
                {
                    "name": "Jean-Damien Pogolotti",
                    "homepage": "http://www.pchart.net",
                    "role": "Creator of the original pChart library"
                },
                {
                    "name": "Piotr Szymaszek",
                    "homepage": "https://github.com/szymach",
                    "role": "Developer of the CpChart wrapper package"
                }
            ],
            "description": "Port of \"pChart\" library into PHP 5+",
            "homepage": "https://github.com/szymach/c-pchart",
            "keywords": [
                "CpChart",
                "c-pChart",
                "charts",
                "pchart",
                "statistics"
            ],
            "time": "2022-08-05T11:53:51+00:00"
        }
    ],
    "packages-dev": [],
    "aliases": [],
    "minimum-stability": "stable",
    "stability-flags": [],
    "prefer-stable": false,
    "prefer-lowest": false,
    "platform": [],
    "platform-dev": [],
    "plugin-api-version": "1.1.0"
}
